
Microsoft Visual Studio Solution File, Format Version 12.00
# Visual Studio 15
VisualStudioVersion = 15.0.28307.902
MinimumVisualStudioVersion = 10.0.40219.1
Project("{8BC9CEB8-8B4A-11D0-8D11-00A0C91BC942}") = "urok_04", "urok_04\urok_04.vcxproj", "{A5814B42-D67D-4D52-94A4-52D35647B952}"
EndProject
Global
	GlobalSection(SolutionConfigurationPlatforms) = preSolution
		Debug|x64 = Debug|x64
		Debug|x86 = Debug|x86
		Release|x64 = Release|x64
		Release|x86 = Release|x86
	EndGlobalSection
	GlobalSection(ProjectConfigurationPlatforms) = postSolution
		{A5814B42-D67D-4D52-94A4-52D35647B952}.Debug|x64.ActiveCfg = Debug|x64
		{A5814B42-D67D-4D52-94A4-52D35647B952}.Debug|x64.Build.0 = Debug|x64
		{A5814B42-D67D-4D52-94A4-52D35647B952}.Debug|x86.ActiveCfg = Debug|Win32
		{A5814B42-D67D-4D52-94A4-52D35647B952}.Debug|x86.Build.0 = Debug|Win32
		{A5814B42-D67D-4D52-94A4-52D35647B952}.Release|x64.ActiveCfg = Release|x64
		{A5814B42-D67D-4D52-94A4-52D35647B952}.Release|x64.Build.0 = Release|x64
		{A5814B42-D67D-4D52-94A4-52D35647B952}.Release|x86.ActiveCfg = Release|Win32
		{A5814B42-D67D-4D52-94A4-52D35647B952}.Release|x86.Build.0 = Release|Win32
	EndGlobalSection
	GlobalSection(SolutionProperties) = preSolution
		HideSolutionNode = FALSE
	EndGlobalSection
	GlobalSection(ExtensibilityGlobals) = postSolution
		SolutionGuid = {D64FF348-4572-457F-A90A-94836333DCE8}
	EndGlobalSection
EndGlobal
